<?xml version="1.0" encoding="utf-8"?>
<Project ToolsVersion="4.0" xmlns="http://schemas.microsoft.com/developer/msbuild/2003">
  <ItemGroup>
    <ApplicationDefinition Include="App.xaml" />
  </ItemGroup>
  <ItemGroup>
    <Midl Include="App.idl" />
  </ItemGroup>
  <ItemGroup>
    <Image Include="Assets\ErrorLog.png">
      <Filter>Assets</Filter>
    </Image>
    <Image Include="Assets\ErrorLog.scale-125.png">
      <Filter>Assets</Filter>
    </Image>
    <Image Include="Assets\ErrorLog.scale-150.png">
      <Filter>Assets</Filter>
    </Image>
    <Image Include="Assets\ErrorLog.scale-200.png">
      <Filter>Assets</Filter>
    </Image>
    <Image Include="Assets\ErrorLog.scale-250.png">
      <Filter>Assets</Filter>
    </Image>
    <Image Include="Assets\ErrorLog.scale-300.png">
      <Filter>Assets</Filter>
    </Image>
    <Image Include="Assets\ErrorLog.scale-400.png">
      <Filter>Assets</Filter>
    </Image>
    <Image Include="Assets\ErrorLog.scale-500.png">
      <Filter>Assets</Filter>
    </Image>
    <Image Include="Assets\Info.png">
      <Filter>Assets</Filter>
    </Image>
    <Image Include="Assets\Info.scale-125.png">
      <Filter>Assets</Filter>
    </Image>
    <Image Include="Assets\Info.scale-150.png">
      <Filter>Assets</Filter>
    </Image>
    <Image Include="Assets\Info.scale-200.png">
      <Filter>Assets</Filter>
    </Image>
    <Image Include="Assets\Info.scale-250.png">
      <Filter>Assets</Filter>
    </Image>
    <Image Include="Assets\Info.scale-300.png">
      <Filter>Assets</Filter>
    </Image>
    <Image Include="Assets\Info.scale-400.png">
      <Filter>Assets</Filter>
    </Image>
    <Image Include="Assets\Info.scale-500.png">
      <Filter>Assets</Filter>
    </Image>
  </ItemGroup>
  <ItemGroup>
    <ClCompile Include="pch.cpp" />
    <ClCompile Include="$(GeneratedFilesDir)module.g.cpp" />
    <ClCompile Include="Services\app_t.cpp">
      <Filter>Services</Filter>
    </ClCompile>
    <ClCompile Include="Services\Storages\WinRTConfigManager.cpp">
      <Filter>Services\Storages</Filter>
    </ClCompile>
    <ClCompile Include="UI\Converters\DateTimeToStringConverter.cpp">
      <Filter>UI\Converters</Filter>
    </ClCompile>
    <ClCompile Include="UI\NotificationPresenterWinUI3.cpp">
      <Filter>UI</Filter>
    </ClCompile>
    <ClCompile Include="UI\WindowBase.cpp">
      <Filter>UI</Filter>
    </ClCompile>
    <ClCompile Include="ViewModels\NotificationWindowViewModel.cpp">
      <Filter>ViewModels</Filter>
    </ClCompile>
    <ClCompile Include="ViewModels\Settings\ErrorLogViewModel.cpp">
      <Filter>ViewModels\Settings</Filter>
    </ClCompile>
    <ClCompile Include="UI\Controls\SettingsCard.cpp">
      <Filter>UI\Controls</Filter>
    </ClCompile>
  </ItemGroup>
  <ItemGroup>
    <ClInclude Include="pch.h" />
    <ClInclude Include="Common\Math.h">
      <Filter>Common</Filter>
    </ClInclude>
    <ClInclude Include="Common\message_service_t.h">
      <Filter>Common</Filter>
    </ClInclude>
    <ClInclude Include="Common\Reps.BufferBounce.h">
      <Filter>Common</Filter>
    </ClInclude>
    <ClInclude Include="Services\app_t.h">
      <Filter>Services</Filter>
    </ClInclude>
    <ClInclude Include="Services\Storages\config_t.h">
      <Filter>Services\Storages</Filter>
    </ClInclude>
    <ClInclude Include="Services\Storages\WinRTConfigManager.h">
      <Filter>Services\Storages</Filter>
    </ClInclude>
    <ClInclude Include="UI\Converters\DateTimeToStringConverter.h">
      <Filter>UI\Converters</Filter>
    </ClInclude>
    <ClInclude Include="UI\NotificationPresenter.h">
      <Filter>UI</Filter>
    </ClInclude>
    <ClInclude Include="UI\NotificationPresenterWinUI3.h">
      <Filter>UI</Filter>
    </ClInclude>
    <ClInclude Include="UI\register_value_t.h">
      <Filter>UI</Filter>
    </ClInclude>
    <ClInclude Include="UI\ResourceManager.h">
      <Filter>UI</Filter>
    </ClInclude>
    <ClInclude Include="UI\UIHelper.h">
      <Filter>UI</Filter>
    </ClInclude>
    <ClInclude Include="UI\WindowBase.h">
      <Filter>UI</Filter>
    </ClInclude>
    <ClInclude Include="UI\WindowHelper.h">
      <Filter>UI</Filter>
    </ClInclude>
    <ClInclude Include="ViewModels\NotificationWindowViewModel.h">
      <Filter>ViewModels</Filter>
    </ClInclude>
    <ClInclude Include="ViewModels\Settings\ErrorLogViewModel.h">
      <Filter>ViewModels\Settings</Filter>
    </ClInclude>
    <ClInclude Include="UI\Controls\SettingsCard.h">
      <Filter>UI\Controls</Filter>
    </ClInclude>
  </ItemGroup>
  <ItemGroup>
    <Filter Include="Assets">
      <UniqueIdentifier>{e48dc53e-40b1-40cb-970a-f89935452892}</UniqueIdentifier>
    </Filter>
    <Filter Include="Common">
      <UniqueIdentifier>{1c737327-ce80-463c-bd86-3199686623f5}</UniqueIdentifier>
    </Filter>
    <Filter Include="Services">
      <UniqueIdentifier>{2ea3d483-7381-4b80-ad87-b04df69cbf0c}</UniqueIdentifier>
    </Filter>
    <Filter Include="Services\Storages">
      <UniqueIdentifier>{d9e3ff94-0cc6-4f7b-af02-aec668f7466f}</UniqueIdentifier>
    </Filter>
    <Filter Include="Strings">
      <UniqueIdentifier>{2d9c9ee8-d3b8-4305-bd58-aeebb1613332}</UniqueIdentifier>
    </Filter>
    <Filter Include="UI">
      <UniqueIdentifier>{8e44507f-e73f-49c7-95ff-35309c012ea2}</UniqueIdentifier>
    </Filter>
    <Filter Include="UI\Controls">
      <UniqueIdentifier>{5e26f4a9-4ad9-4d62-b29e-2db72a4e6798}</UniqueIdentifier>
    </Filter>
    <Filter Include="UI\Converters">
      <UniqueIdentifier>{a002bba6-6821-479d-a480-69c822a82f4f}</UniqueIdentifier>
    </Filter>
    <Filter Include="ViewModels">
      <UniqueIdentifier>{67303be4-bdec-4705-b9e9-42c3ed9d27cd}</UniqueIdentifier>
    </Filter>
    <Filter Include="ViewModels\Settings">
      <UniqueIdentifier>{0288bf0e-27ac-4165-8afc-0bb660e7bb9f}</UniqueIdentifier>
    </Filter>
  </ItemGroup>
  <ItemGroup>
    <None Include="packages.config" />
  </ItemGroup>
  <ItemGroup>
    <Manifest Include="app.manifest" />
  </ItemGroup>
  <ItemGroup>
    <Page Include="NotificationWindow.xaml">
      <Filter>UI</Filter>
    </Page>
    <Page Include="SettingsPage_ErrorLog.xaml">
      <Filter>UI</Filter>
    </Page>
    <Page Include="SettingsWindow.xaml">
      <Filter>UI</Filter>
    </Page>
    <Page Include="UI\Controls\SettingsCard.xaml">
      <Filter>UI\Controls</Filter>
    </Page>
  </ItemGroup>
  <ItemGroup>
    <PRIResource Include="Strings\Resources.lang-ja-JP.resw">
      <Filter>Strings</Filter>
    </PRIResource>
    <PRIResource Include="Strings\Resources.lang-en-US.resw">
      <Filter>Strings</Filter>
    </PRIResource>
    <PRIResource Include="Strings\CodeResources.lang-en-US.resw">
      <Filter>Strings</Filter>
    </PRIResource>
    <PRIResource Include="Strings\CodeResources.lang-ja-JP.resw">
      <Filter>Strings</Filter>
    </PRIResource>
  </ItemGroup>
</Project>