<?xml version="1.0" encoding="utf-8"?>
<Project ToolsVersion="4.0" xmlns="http://schemas.microsoft.com/developer/msbuild/2003">
  <ItemGroup>
    <ClCompile Include="pch.cpp" />
    <ClCompile Include="Services\Desktops\DesktopService.cpp">
      <Filter>Services\Desktops</Filter>
    </ClCompile>
    <ClCompile Include="Services\Desktops\Private\VirtualDesktopManagerInternalDelegate.cpp">
      <Filter>Services\Desktops\Private</Filter>
    </ClCompile>
    <ClCompile Include="Services\Desktops\Private\VirtualDesktopNotificationListener10240.cpp">
      <Filter>Services\Desktops\Private</Filter>
    </ClCompile>
    <ClCompile Include="Services\Desktops\Private\VirtualDesktopNotificationListener18963.cpp">
      <Filter>Services\Desktops\Private</Filter>
    </ClCompile>
    <ClCompile Include="Services\Desktops\Private\VirtualDesktopNotificationListener20231.cpp">
      <Filter>Services\Desktops\Private</Filter>
    </ClCompile>
    <ClCompile Include="Services\Desktops\Private\VirtualDesktopNotificationListener21359.cpp">
      <Filter>Services\Desktops\Private</Filter>
    </ClCompile>
    <ClCompile Include="Services\Desktops\VirtualDesktopCache.cpp">
      <Filter>Services\Desktops</Filter>
    </ClCompile>
    <ClCompile Include="Services\KeyListeners\KeyListenerService.cpp">
      <Filter>Services\KeyListeners</Filter>
    </ClCompile>
    <ClCompile Include="Services\Loggers\Logger.cpp">
      <Filter>Services\Loggers</Filter>
    </ClCompile>
  </ItemGroup>
  <ItemGroup>
    <ClInclude Include="pch.h" />
    <ClInclude Include="shared.h" />
    <ClInclude Include="Common\Debug.h">
      <Filter>Common</Filter>
    </ClInclude>
    <ClInclude Include="Common\key_config_t.h">
      <Filter>Common</Filter>
    </ClInclude>
    <ClInclude Include="Common\lock_t.h">
      <Filter>Common</Filter>
    </ClInclude>
    <ClInclude Include="Common\Reps.h">
      <Filter>Common</Filter>
    </ClInclude>
    <ClInclude Include="Common\RepsBase.h">
      <Filter>Common</Filter>
    </ClInclude>
    <ClInclude Include="Common\RepsUtil.h">
      <Filter>Common</Filter>
    </ClInclude>
    <ClInclude Include="Common\VirtualDesktop.h">
      <Filter>Common</Filter>
    </ClInclude>
    <ClInclude Include="Common\WindowUtil.h">
      <Filter>Common</Filter>
    </ClInclude>
    <ClInclude Include="Services\Desktops\DesktopService.h">
      <Filter>Services\Desktops</Filter>
    </ClInclude>
    <ClInclude Include="Services\Desktops\Private\VirtualDesktopDelegate.h">
      <Filter>Services\Desktops\Private</Filter>
    </ClInclude>
    <ClInclude Include="Services\Desktops\Private\VirtualDesktopManagerInternalDelegate.h">
      <Filter>Services\Desktops\Private</Filter>
    </ClInclude>
    <ClInclude Include="Services\Desktops\Private\VirtualDesktopNotificationListener.h">
      <Filter>Services\Desktops\Private</Filter>
    </ClInclude>
    <ClInclude Include="Services\Desktops\vdevent_t.h">
      <Filter>Services\Desktops</Filter>
    </ClInclude>
    <ClInclude Include="Services\Desktops\VirtualDesktopCache.h">
      <Filter>Services\Desktops</Filter>
    </ClInclude>
    <ClInclude Include="Services\Desktops\VirtualDesktopInterface.h">
      <Filter>Services\Desktops</Filter>
    </ClInclude>
    <ClInclude Include="Services\KeyListeners\kbevent_t.h">
      <Filter>Services\KeyListeners</Filter>
    </ClInclude>
    <ClInclude Include="Services\KeyListeners\KeyListenerService.h">
      <Filter>Services\KeyListeners</Filter>
    </ClInclude>
    <ClInclude Include="Services\Loggers\log_t.h">
      <Filter>Services\Loggers</Filter>
    </ClInclude>
  </ItemGroup>
  <ItemGroup>
    <Filter Include="Common">
      <UniqueIdentifier>{3b1ac9fe-5a23-433a-8741-25003c642b17}</UniqueIdentifier>
    </Filter>
    <Filter Include="Services">
      <UniqueIdentifier>{b06c1b3c-3a1f-4a67-83f8-c1f405ed62b0}</UniqueIdentifier>
    </Filter>
    <Filter Include="Services\Desktops">
      <UniqueIdentifier>{39b010b6-0fad-430f-9591-3629c79da5fa}</UniqueIdentifier>
    </Filter>
    <Filter Include="Services\Desktops\Private">
      <UniqueIdentifier>{cb93361d-2878-4df2-88c7-c39fb03096df}</UniqueIdentifier>
    </Filter>
    <Filter Include="Services\KeyListeners">
      <UniqueIdentifier>{14bc6c18-65b0-4707-b5ee-8f9d8922a8bd}</UniqueIdentifier>
    </Filter>
    <Filter Include="Services\Loggers">
      <UniqueIdentifier>{8ad1e0be-1593-4dc8-a973-cfa6a8fd6287}</UniqueIdentifier>
    </Filter>
  </ItemGroup>
  <ItemGroup>
    <None Include="packages.config" />
  </ItemGroup>
</Project>